<?xml version="1.0" encoding="utf-8"?>
<Project ToolsVersion="4.0" xmlns="http://schemas.microsoft.com/developer/msbuild/2003">
  <ItemGroup>
    <Filter Include="Application">
      <UniqueIdentifier>{4FC737F1-C7A5-4376-A066-2A32D752A2FF}</UniqueIdentifier>
      <Extensions>cpp;c;cc;cxx;def;odl;idl;hpj;bat;asm;asmx</Extensions>
    </Filter>
    <Filter Include="Rendering">
      <UniqueIdentifier>{c0682ebc-eb01-41d9-84c6-4cdd95c489ab}</UniqueIdentifier>
    </Filter>
    <Filter Include="Utilities">
      <UniqueIdentifier>{e99e51eb-3810-40c8-b7bb-1b239b3f659e}</UniqueIdentifier>
    </Filter>
    <Filter Include="Rendering\DXGI">
      <UniqueIdentifier>{250ae73a-1ef5-4dca-90fc-64f76c2a2e33}</UniqueIdentifier>
    </Filter>
    <Filter Include="Rendering\Resource System">
      <UniqueIdentifier>{badb6176-c28f-40ce-9cf4-96ddb3e9d78f}</UniqueIdentifier>
    </Filter>
    <Filter Include="Rendering\Pipeline System">
      <UniqueIdentifier>{d78364c8-4163-4ca4-92bd-0266df4def4b}</UniqueIdentifier>
    </Filter>
    <Filter Include="Rendering\Resource System\Buffers">
      <UniqueIdentifier>{18ad0af9-b181-4fcc-bc36-477576749fac}</UniqueIdentifier>
    </Filter>
    <Filter Include="Rendering\Resource System\Textures">
      <UniqueIdentifier>{83b5e457-5f02-4019-9d29-acff23ffe18a}</UniqueIdentifier>
    </Filter>
    <Filter Include="Rendering\Resource System\Resource Views">
      <UniqueIdentifier>{7d106570-7159-4a4e-ac42-e30ee74f8c8a}</UniqueIdentifier>
    </Filter>
    <Filter Include="Rendering\Resource System\State">
      <UniqueIdentifier>{11976f04-1567-46a5-b6cd-a466191325e1}</UniqueIdentifier>
    </Filter>
    <Filter Include="Rendering\Pipeline System\Executors">
      <UniqueIdentifier>{1b889e3e-4df8-449b-8695-bc654a752629}</UniqueIdentifier>
    </Filter>
    <Filter Include="Rendering\Pipeline System\Stages">
      <UniqueIdentifier>{af61c8f6-9b3e-4cf4-9e57-9a41a061cf44}</UniqueIdentifier>
    </Filter>
    <Filter Include="Rendering\Pipeline System\Stages\Fixed Stages">
      <UniqueIdentifier>{f1450f00-5df2-4712-a432-7777a712ae86}</UniqueIdentifier>
    </Filter>
    <Filter Include="Rendering\Pipeline System\Stages\Programmable Stages">
      <UniqueIdentifier>{472e1793-2335-4001-8bf5-ff34fac172a6}</UniqueIdentifier>
    </Filter>
    <Filter Include="Rendering\Pipeline System\Stages\Programmable Stages\Stages">
      <UniqueIdentifier>{6e204788-28d9-4a83-af93-b676d6784203}</UniqueIdentifier>
    </Filter>
    <Filter Include="Rendering\Pipeline System\Stages\Programmable Stages\Shader">
      <UniqueIdentifier>{d67ea06e-9086-481c-b072-b9a7514a71aa}</UniqueIdentifier>
    </Filter>
    <Filter Include="Rendering\Pipeline System\Stages\Programmable Stages\State">
      <UniqueIdentifier>{30c5a95c-b098-462f-87db-314122928d8f}</UniqueIdentifier>
    </Filter>
    <Filter Include="Rendering\Pipeline System\Stages\Programmable Stages\Shader\Reflection">
      <UniqueIdentifier>{78a4d320-d1d7-4cd4-bec3-ba8188ca7050}</UniqueIdentifier>
    </Filter>
    <Filter Include="Rendering\Pipeline System\Stages\Common">
      <UniqueIdentifier>{48470237-7ea0-4a28-b329-f20a952da466}</UniqueIdentifier>
    </Filter>
    <Filter Include="Objects">
      <UniqueIdentifier>{007688f7-1697-4ded-9e1f-eb00f4d66c5c}</UniqueIdentifier>
    </Filter>
    <Filter Include="Objects\Scene Objects">
      <UniqueIdentifier>{6fdb4c1d-592e-4ba0-b8b1-bac9f9bbbc93}</UniqueIdentifier>
    </Filter>
  </ItemGroup>
  <ItemGroup>
    <ClInclude Include="pch.h">
      <Filter>Utilities</Filter>
    </ClInclude>
    <ClInclude Include="Window.h">
      <Filter>Application</Filter>
    </ClInclude>
    <ClInclude Include="Application.h">
      <Filter>Application</Filter>
    </ClInclude>
    <ClInclude Include="Renderer.h">
      <Filter>Rendering</Filter>
    </ClInclude>
    <ClInclude Include="Resource.h">
      <Filter>Rendering\Resource System</Filter>
    </ClInclude>
    <ClInclude Include="Buffer.h">
      <Filter>Rendering\Resource System\Buffers</Filter>
    </ClInclude>
    <ClInclude Include="BufferConfig.h">
      <Filter>Rendering\Resource System\Buffers</Filter>
    </ClInclude>
    <ClInclude Include="IndexBuffer.h">
      <Filter>Rendering\Resource System\Buffers</Filter>
    </ClInclude>
    <ClInclude Include="VertexBuffer.h">
      <Filter>Rendering\Resource System\Buffers</Filter>
    </ClInclude>
    <ClInclude Include="ConstantBuffer.h">
      <Filter>Rendering\Resource System\Buffers</Filter>
    </ClInclude>
    <ClInclude Include="RenderTargetView.h">
      <Filter>Rendering\Resource System\Resource Views</Filter>
    </ClInclude>
    <ClInclude Include="RenderTargetViewConfig.h">
      <Filter>Rendering\Resource System\Resource Views</Filter>
    </ClInclude>
    <ClInclude Include="BlendStateConfig.h">
      <Filter>Rendering\Resource System\State</Filter>
    </ClInclude>
    <ClInclude Include="VertexShader.h">
      <Filter>Rendering\Pipeline System\Stages\Programmable Stages\Shader</Filter>
    </ClInclude>
    <ClInclude Include="HullShader.h">
      <Filter>Rendering\Pipeline System\Stages\Programmable Stages\Shader</Filter>
    </ClInclude>
    <ClInclude Include="ShaderResourceView.h">
      <Filter>Rendering\Resource System\Resource Views</Filter>
    </ClInclude>
    <ClInclude Include="ShaderResourceViewConfig.h">
      <Filter>Rendering\Resource System\Resource Views</Filter>
    </ClInclude>
    <ClInclude Include="InputAssemblerStage.h">
      <Filter>Rendering\Pipeline System\Stages\Programmable Stages\Stages</Filter>
    </ClInclude>
    <ClInclude Include="InputAssemblerState.h">
      <Filter>Rendering\Pipeline System\Stages\Programmable Stages\State</Filter>
    </ClInclude>
    <ClInclude Include="TStateMonitor.h">
      <Filter>Rendering\Pipeline System\Stages\Common</Filter>
    </ClInclude>
    <ClInclude Include="TStateMonitorImpl.h">
      <Filter>Rendering\Pipeline System\Stages\Common</Filter>
    </ClInclude>
    <ClInclude Include="TStateArrayMonitor.h">
      <Filter>Rendering\Pipeline System\Stages\Common</Filter>
    </ClInclude>
    <ClInclude Include="TStateArrayMonitorImpl.h">
      <Filter>Rendering\Pipeline System\Stages\Common</Filter>
    </ClInclude>
    <ClInclude Include="VertexShaderStage.h">
      <Filter>Rendering\Pipeline System\Stages\Programmable Stages\Stages</Filter>
    </ClInclude>
    <ClInclude Include="ShaderStage.h">
      <Filter>Rendering\Pipeline System\Stages\Programmable Stages\Stages</Filter>
    </ClInclude>
    <ClInclude Include="Shader.h">
      <Filter>Rendering\Pipeline System\Stages\Programmable Stages\Shader</Filter>
    </ClInclude>
    <ClInclude Include="ShaderStageState.h">
      <Filter>Rendering\Pipeline System\Stages\Programmable Stages\State</Filter>
    </ClInclude>
    <ClInclude Include="ShaderReflection.h">
      <Filter>Rendering\Pipeline System\Stages\Programmable Stages\Shader\Reflection</Filter>
    </ClInclude>
    <ClInclude Include="HullShaderStage.h">
      <Filter>Rendering\Pipeline System\Stages\Programmable Stages\Stages</Filter>
    </ClInclude>
    <ClInclude Include="PipelineManager.h">
      <Filter>Rendering\Pipeline System\Stages\Programmable Stages</Filter>
    </ClInclude>
    <ClInclude Include="GeometryShader.h">
      <Filter>Rendering\Pipeline System\Stages\Programmable Stages\Shader</Filter>
    </ClInclude>
    <ClInclude Include="DomainShaderStage.h">
      <Filter>Rendering\Pipeline System\Stages\Programmable Stages\Stages</Filter>
    </ClInclude>
    <ClInclude Include="GeometryShaderStage.h">
      <Filter>Rendering\Pipeline System\Stages\Programmable Stages\Stages</Filter>
    </ClInclude>
    <ClInclude Include="PixelShaderStage.h">
      <Filter>Rendering\Pipeline System\Stages\Programmable Stages\Stages</Filter>
    </ClInclude>
    <ClInclude Include="ComputeShaderStage.h">
      <Filter>Rendering\Pipeline System\Stages\Programmable Stages\Stages</Filter>
    </ClInclude>
    <ClInclude Include="StreamOutputStage.h">
      <Filter>Rendering\Pipeline System\Stages\Programmable Stages\Stages</Filter>
    </ClInclude>
    <ClInclude Include="RasterizerStage.h">
      <Filter>Rendering\Pipeline System\Stages\Programmable Stages\Stages</Filter>
    </ClInclude>
    <ClInclude Include="OutputMergerStage.h">
      <Filter>Rendering\Pipeline System\Stages\Programmable Stages\Stages</Filter>
    </ClInclude>
    <ClInclude Include="IWindowProc.h">
      <Filter>Application</Filter>
    </ClInclude>
    <ClInclude Include="Scene.h">
      <Filter>Objects\Scene Objects</Filter>
    </ClInclude>
    <ClInclude Include="Timer.h">
      <Filter>Utilities</Filter>
    </ClInclude>
    <ClInclude Include="Win32Window.h">
      <Filter>Application</Filter>
    </ClInclude>
    <ClInclude Include="Texture2D.h">
      <Filter>Rendering\Resource System\Textures</Filter>
    </ClInclude>
    <ClInclude Include="Texture2DConfig.h">
      <Filter>Rendering\Resource System\Textures</Filter>
    </ClInclude>
    <ClInclude Include="SwapChain.h">
      <Filter>Rendering\Resource System\Textures</Filter>
    </ClInclude>
    <ClInclude Include="SwapChainConfig.h">
      <Filter>Rendering\Resource System\Textures</Filter>
    </ClInclude>
    <ClInclude Include="ResourceProxy.h">
      <Filter>Rendering\Resource System</Filter>
    </ClInclude>
    <ClInclude Include="DepthStencilView.h">
      <Filter>Rendering\Resource System\Resource Views</Filter>
    </ClInclude>
    <ClInclude Include="DepthStencilViewConfig.h">
      <Filter>Rendering\Resource System\Resource Views</Filter>
    </ClInclude>
    <ClInclude Include="ViewPort.h">
      <Filter>Rendering\Pipeline System\Stages\Common</Filter>
    </ClInclude>
  </ItemGroup>
  <ItemGroup>
    <ClCompile Include="pch.cpp">
      <Filter>Utilities</Filter>
    </ClCompile>
    <ClCompile Include="Window.cpp">
      <Filter>Application</Filter>
    </ClCompile>
    <ClCompile Include="Application.cpp">
      <Filter>Application</Filter>
    </ClCompile>
    <ClCompile Include="Renderer.cpp">
      <Filter>Rendering</Filter>
    </ClCompile>
    <ClCompile Include="Resource.cpp">
      <Filter>Rendering\Resource System</Filter>
    </ClCompile>
    <ClCompile Include="Buffer.cpp">
      <Filter>Rendering\Resource System\Buffers</Filter>
    </ClCompile>
    <ClCompile Include="BufferConfig.cpp">
      <Filter>Rendering\Resource System\Buffers</Filter>
    </ClCompile>
    <ClCompile Include="IndexBuffer.cpp">
      <Filter>Rendering\Resource System\Buffers</Filter>
    </ClCompile>
    <ClCompile Include="VertexBuffer.cpp">
      <Filter>Rendering\Resource System\Buffers</Filter>
    </ClCompile>
    <ClCompile Include="ConstantBuffer.cpp">
      <Filter>Rendering\Resource System\Buffers</Filter>
    </ClCompile>
    <ClCompile Include="RenderTargetView.cpp">
      <Filter>Rendering\Resource System\Resource Views</Filter>
    </ClCompile>
    <ClCompile Include="RenderTargetViewConfig.cpp">
      <Filter>Rendering\Resource System\Resource Views</Filter>
    </ClCompile>
    <ClCompile Include="BlendStateConfig.cpp">
      <Filter>Rendering\Resource System\State</Filter>
    </ClCompile>
    <ClCompile Include="VertexShader.cpp">
      <Filter>Rendering\Pipeline System\Stages\Programmable Stages\Shader</Filter>
    </ClCompile>
    <ClCompile Include="HullShader.cpp">
      <Filter>Rendering\Pipeline System\Stages\Programmable Stages\Shader</Filter>
    </ClCompile>
    <ClCompile Include="ShaderResourceView.cpp">
      <Filter>Rendering\Resource System\Resource Views</Filter>
    </ClCompile>
    <ClCompile Include="ShaderResourceViewConfig.cpp">
      <Filter>Rendering\Resource System\Resource Views</Filter>
    </ClCompile>
    <ClCompile Include="InputAssemblerStage.cpp">
      <Filter>Rendering\Pipeline System\Stages\Programmable Stages\Stages</Filter>
    </ClCompile>
    <ClCompile Include="InputAssemblerState.cpp">
      <Filter>Rendering\Pipeline System\Stages\Programmable Stages\State</Filter>
    </ClCompile>
    <ClCompile Include="ShaderStage.cpp">
      <Filter>Rendering\Pipeline System\Stages\Programmable Stages\Stages</Filter>
    </ClCompile>
    <ClCompile Include="Shader.cpp">
      <Filter>Rendering\Pipeline System\Stages\Programmable Stages\Shader</Filter>
    </ClCompile>
    <ClCompile Include="ShaderStageState.cpp">
      <Filter>Rendering\Pipeline System\Stages\Programmable Stages\State</Filter>
    </ClCompile>
    <ClCompile Include="VertesShaderStage.cpp">
      <Filter>Rendering\Pipeline System\Stages\Programmable Stages\Stages</Filter>
    </ClCompile>
    <ClCompile Include="ShaderReflection.cpp">
      <Filter>Rendering\Pipeline System\Stages\Programmable Stages\Shader\Reflection</Filter>
    </ClCompile>
    <ClCompile Include="HullShaderStage.cpp">
      <Filter>Rendering\Pipeline System\Stages\Programmable Stages\Stages</Filter>
    </ClCompile>
    <ClCompile Include="PipelineManager.cpp">
      <Filter>Rendering\Pipeline System\Stages\Programmable Stages</Filter>
    </ClCompile>
    <ClCompile Include="GeometryShader.cpp">
      <Filter>Rendering\Pipeline System\Stages\Programmable Stages\Shader</Filter>
    </ClCompile>
    <ClCompile Include="DomainShaderStage.cpp">
      <Filter>Rendering\Pipeline System\Stages\Programmable Stages\Stages</Filter>
    </ClCompile>
    <ClCompile Include="GeometryShaderStage.cpp">
      <Filter>Rendering\Pipeline System\Stages\Programmable Stages\Stages</Filter>
    </ClCompile>
    <ClCompile Include="PixelShaderStage.cpp">
      <Filter>Rendering\Pipeline System\Stages\Programmable Stages\Stages</Filter>
    </ClCompile>
    <ClCompile Include="ComputeShaderStage.cpp">
      <Filter>Rendering\Pipeline System\Stages\Programmable Stages\Stages</Filter>
    </ClCompile>
    <ClCompile Include="StreamOutputStage.cpp">
      <Filter>Rendering\Pipeline System\Stages\Programmable Stages\Stages</Filter>
    </ClCompile>
    <ClCompile Include="RasterizerStage.cpp">
      <Filter>Rendering\Pipeline System\Stages\Programmable Stages\Stages</Filter>
    </ClCompile>
    <ClCompile Include="OutputMergerStage.cpp">
      <Filter>Rendering\Pipeline System\Stages\Programmable Stages\Stages</Filter>
    </ClCompile>
    <ClCompile Include="main.cpp">
      <Filter>Application</Filter>
    </ClCompile>
    <ClCompile Include="Scene.cpp">
      <Filter>Objects\Scene Objects</Filter>
    </ClCompile>
    <ClCompile Include="Timer.cpp">
      <Filter>Utilities</Filter>
    </ClCompile>
    <ClCompile Include="Win32Window.cpp">
      <Filter>Application</Filter>
    </ClCompile>
    <ClCompile Include="Texture2D.cpp">
      <Filter>Rendering\Resource System\Textures</Filter>
    </ClCompile>
    <ClCompile Include="Texture2DConfig.cpp">
      <Filter>Rendering\Resource System\Textures</Filter>
    </ClCompile>
    <ClCompile Include="SwapChain.cpp">
      <Filter>Rendering\Resource System\Textures</Filter>
    </ClCompile>
    <ClCompile Include="SwapChainConfig.cpp">
      <Filter>Rendering\Resource System\Textures</Filter>
    </ClCompile>
    <ClCompile Include="ResourceProxy.cpp">
      <Filter>Rendering\Resource System</Filter>
    </ClCompile>
    <ClCompile Include="DepthStencilView.cpp">
      <Filter>Rendering\Resource System\Resource Views</Filter>
    </ClCompile>
    <ClCompile Include="DepthStencilViewConfig.cpp">
      <Filter>Rendering\Resource System\Resource Views</Filter>
    </ClCompile>
    <ClCompile Include="ViewPort.cpp">
      <Filter>Rendering\Pipeline System\Stages\Common</Filter>
    </ClCompile>
  </ItemGroup>
</Project>